// !$*UTF8*$!
{
	archiveVersion = 1;
	classes = {
	};
	objectVersion = 77;
	objects = {

/* Begin PBXBuildFile section */
		2020B120A5A6D7B940111F12 /* Assets.xcassets in Resources */ = {isa = PBXBuildFile; fileRef = A61BE59C6096A226D41463FC /* Assets.xcassets */; };
		4888EF75F029CEA9FA61270B /* RheaKit in Frameworks */ = {isa = PBXBuildFile; productRef = FC51B905A12BD3ACD3E9B223 /* RheaKit */; };
		81D0994B8A74B0BA6A033CA5 /* AnimatedTabBar in Frameworks */ = {isa = PBXBuildFile; productRef = 21730A08186D2C447AC4C412 /* AnimatedTabBar */; };
		C46E4FDF7F0BF1DFD488CF9E /* ScreenPilotView.swift in Sources */ = {isa = PBXBuildFile; fileRef = A9ED40BFBC76E50BEA4CA59F /* ScreenPilotView.swift */; };
		F607ED56C6138928646E0846 /* RheaPreviewApp.swift in Sources */ = {isa = PBXBuildFile; fileRef = 9477E3C820DABB86E045F9C1 /* RheaPreviewApp.swift */; };
/* End PBXBuildFile section */

/* Begin PBXFileReference section */
		40F5D3F7CE5129EE551FD58A /* RheaKit */ = {isa = PBXFileReference; lastKnownFileType = folder; name = RheaKit; path = ../../packages/RheaKit; sourceTree = SOURCE_ROOT; };
		9477E3C820DABB86E045F9C1 /* RheaPreviewApp.swift */ = {isa = PBXFileReference; lastKnownFileType = sourcecode.swift; path = RheaPreviewApp.swift; sourceTree = "<group>"; };
		A61BE59C6096A226D41463FC /* Assets.xcassets */ = {isa = PBXFileReference; lastKnownFileType = folder.assetcatalog; path = Assets.xcassets; sourceTree = "<group>"; };
		A9ED40BFBC76E50BEA4CA59F /* ScreenPilotView.swift */ = {isa = PBXFileReference; lastKnownFileType = sourcecode.swift; path = ScreenPilotView.swift; sourceTree = "<group>"; };
		D25F13868401944C1A1E978A /* RheaApp.app */ = {isa = PBXFileReference; includeInIndex = 0; lastKnownFileType = wrapper.application; path = RheaApp.app; sourceTree = BUILT_PRODUCTS_DIR; };
/* End PBXFileReference section */

/* Begin PBXFrameworksBuildPhase section */
		7BD4504B1BE6F0C72534143A /* Frameworks */ = {
			isa = PBXFrameworksBuildPhase;
			buildActionMask = 2147483647;
			files = (
				4888EF75F029CEA9FA61270B /* RheaKit in Frameworks */,
				81D0994B8A74B0BA6A033CA5 /* AnimatedTabBar in Frameworks */,
			);
			runOnlyForDeploymentPostprocessing = 0;
		};
/* End PBXFrameworksBuildPhase section */

/* Begin PBXGroup section */
		3076B063CEB5B4ACCFD6DBC4 /* Packages */ = {
			isa = PBXGroup;
			children = (
				40F5D3F7CE5129EE551FD58A /* RheaKit */,
			);
			name = Packages;
			sourceTree = "<group>";
		};
		7708B9924B0CC8A7FFAAE2A4 = {
			isa = PBXGroup;
			children = (
				3076B063CEB5B4ACCFD6DBC4 /* Packages */,
				EEA2260F0C4414BB91DAADCF /* Sources */,
				9531D99E19050B15226ADC13 /* Products */,
			);
			sourceTree = "<group>";
		};
		9531D99E19050B15226ADC13 /* Products */ = {
			isa = PBXGroup;
			children = (
				D25F13868401944C1A1E978A /* RheaApp.app */,
			);
			name = Products;
			sourceTree = "<group>";
		};
		EEA2260F0C4414BB91DAADCF /* Sources */ = {
			isa = PBXGroup;
			children = (
				A61BE59C6096A226D41463FC /* Assets.xcassets */,
				9477E3C820DABB86E045F9C1 /* RheaPreviewApp.swift */,
				A9ED40BFBC76E50BEA4CA59F /* ScreenPilotView.swift */,
			);
			name = Sources;
			path = ../RheaPreview.swiftpm/Sources;
			sourceTree = "<group>";
		};
/* End PBXGroup section */

/* Begin PBXNativeTarget section */
		9E4653AE2F39DFCEE36D8E1B /* RheaApp */ = {
			isa = PBXNativeTarget;
			buildConfigurationList = 27CFE5363D3CDA52C592D294 /* Build configuration list for PBXNativeTarget "RheaApp" */;
			buildPhases = (
				90312DB8296142B3F7B94F13 /* Sources */,
				1EC37FB7920C186A82C659F7 /* Resources */,
				7BD4504B1BE6F0C72534143A /* Frameworks */,
			);
			buildRules = (
			);
			dependencies = (
			);
			name = RheaApp;
			packageProductDependencies = (
				FC51B905A12BD3ACD3E9B223 /* RheaKit */,
				21730A08186D2C447AC4C412 /* AnimatedTabBar */,
			);
			productName = RheaApp;
			productReference = D25F13868401944C1A1E978A /* RheaApp.app */;
			productType = "com.apple.product-type.application";
		};
/* End PBXNativeTarget section */

/* Begin PBXProject section */
		3EA7A58199DB1E038511B83F /* Project object */ = {
			isa = PBXProject;
			attributes = {
				BuildIndependentTargetsInParallel = YES;
				LastUpgradeCheck = 2620;
				TargetAttributes = {
					9E4653AE2F39DFCEE36D8E1B = {
						DevelopmentTeam = 398XACWZ7G;
						ProvisioningStyle = Automatic;
					};
				};
			};
			buildConfigurationList = 666C707BC9CD84C7BECE7A1F /* Build configuration list for PBXProject "RheaApp" */;
			compatibilityVersion = "Xcode 14.0";
			developmentRegion = en;
			hasScannedForEncodings = 0;
			knownRegions = (
				Base,
				en,
			);
			mainGroup = 7708B9924B0CC8A7FFAAE2A4;
			minimizedProjectReferenceProxies = 1;
			packageReferences = (
				2C972866174AB8ED11995967 /* XCRemoteSwiftPackageReference "AnimatedTabBar" */,
				5C3602F4109DFD040B9305FC /* XCLocalSwiftPackageReference "../../packages/RheaKit" */,
			);
			preferredProjectObjectVersion = 77;
			projectDirPath = "";
			projectRoot = "";
			targets = (
				9E4653AE2F39DFCEE36D8E1B /* RheaApp */,
			);
		};
/* End PBXProject section */

/* Begin PBXResourcesBuildPhase section */
		1EC37FB7920C186A82C659F7 /* Resources */ = {
			isa = PBXResourcesBuildPhase;
			buildActionMask = 2147483647;
			files = (
				2020B120A5A6D7B940111F12 /* Assets.xcassets in Resources */,
			);
			runOnlyForDeploymentPostprocessing = 0;
		};
/* End PBXResourcesBuildPhase section */

/* Begin PBXSourcesBuildPhase section */
		90312DB8296142B3F7B94F13 /* Sources */ = {
			isa = PBXSourcesBuildPhase;
			buildActionMask = 2147483647;
			files = (
				F607ED56C6138928646E0846 /* RheaPreviewApp.swift in Sources */,
				C46E4FDF7F0BF1DFD488CF9E /* ScreenPilotView.swift in Sources */,
			);
			runOnlyForDeploymentPostprocessing = 0;
		};
/* End PBXSourcesBuildPhase section */

/* Begin XCBuildConfiguration section */
		1FB180CC3F0E2424B76AD462 /* Release */ = {
			isa = XCBuildConfiguration;
			buildSettings = {
				ALWAYS_SEARCH_USER_PATHS = NO;
				CLANG_ANALYZER_NONNULL = YES;
				CLANG_ANALYZER_NUMBER_OBJECT_CONVERSION = YES_AGGRESSIVE;
				CLANG_CXX_LANGUAGE_STANDARD = "gnu++14";
				CLANG_CXX_LIBRARY = "libc++";
				CLANG_ENABLE_MODULES = YES;
				CLANG_ENABLE_OBJC_ARC = YES;
				CLANG_ENABLE_OBJC_WEAK = YES;
				CLANG_WARN_BLOCK_CAPTURE_AUTORELEASING = YES;
				CLANG_WARN_BOOL_CONVERSION = YES;
				CLANG_WARN_COMMA = YES;
				CLANG_WARN_CONSTANT_CONVERSION = YES;
				CLANG_WARN_DEPRECATED_OBJC_IMPLEMENTATIONS = YES;
				CLANG_WARN_DIRECT_OBJC_ISA_USAGE = YES_ERROR;
				CLANG_WARN_DOCUMENTATION_COMMENTS = YES;
				CLANG_WARN_EMPTY_BODY = YES;
				CLANG_WARN_ENUM_CONVERSION = YES;
				CLANG_WARN_INFINITE_RECURSION = YES;
				CLANG_WARN_INT_CONVERSION = YES;
				CLANG_WARN_NON_LITERAL_NULL_CONVERSION = YES;
				CLANG_WARN_OBJC_IMPLICIT_RETAIN_SELF = YES;
				CLANG_WARN_OBJC_LITERAL_CONVERSION = YES;
				CLANG_WARN_OBJC_ROOT_CLASS = YES_ERROR;
				CLANG_WARN_QUOTED_INCLUDE_IN_FRAMEWORK_HEADER = YES;
				CLANG_WARN_RANGE_LOOP_ANALYSIS = YES;
				CLANG_WARN_STRICT_PROTOTYPES = YES;
				CLANG_WARN_SUSPICIOUS_MOVE = YES;
				CLANG_WARN_UNGUARDED_AVAILABILITY = YES_AGGRESSIVE;
				CLANG_WARN_UNREACHABLE_CODE = YES;
				CLANG_WARN__DUPLICATE_METHOD_MATCH = YES;
				COPY_PHASE_STRIP = NO;
				DEBUG_INFORMATION_FORMAT = "dwarf-with-dsym";
				ENABLE_NS_ASSERTIONS = NO;
				ENABLE_STRICT_OBJC_MSGSEND = YES;
				GCC_C_LANGUAGE_STANDARD = gnu11;
				GCC_NO_COMMON_BLOCKS = YES;
				GCC_WARN_64_TO_32_BIT_CONVERSION = YES;
				GCC_WARN_ABOUT_RETURN_TYPE = YES_ERROR;
				GCC_WARN_UNDECLARED_SELECTOR = YES;
				GCC_WARN_UNINITIALIZED_AUTOS = YES_AGGRESSIVE;
				GCC_WARN_UNUSED_FUNCTION = YES;
				GCC_WARN_UNUSED_VARIABLE = YES;
				IPHONEOS_DEPLOYMENT_TARGET = 17.0;
				MTL_ENABLE_DEBUG_INFO = NO;
				MTL_FAST_MATH = YES;
				PRODUCT_NAME = "$(TARGET_NAME)";
				SDKROOT = iphoneos;
				SWIFT_COMPILATION_MODE = wholemodule;
				SWIFT_OPTIMIZATION_LEVEL = "-O";
				SWIFT_VERSION = 5.0;
			};
			name = Release;
		};
		318D7404B531F0E0F805AA57 /* Release */ = {
			isa = XCBuildConfiguration;
			buildSettings = {
				ASSETCATALOG_COMPILER_APPICON_NAME = AppIcon;
				CODE_SIGN_IDENTITY = "iPhone Developer";
				CODE_SIGN_STYLE = Automatic;
				CURRENT_PROJECT_VERSION = 10;
				DEVELOPMENT_TEAM = 398XACWZ7G;
				INFOPLIST_FILE = Info.plist;
				INFOPLIST_GENERATION_MODE = GeneratedByXcode;
				LD_RUNPATH_SEARCH_PATHS = (
					"$(inherited)",
					"@executable_path/Frameworks",
				);
				MARKETING_VERSION = 1.0;
				PRODUCT_BUNDLE_IDENTIFIER = com.rhea.preview;
				SDKROOT = iphoneos;
				SWIFT_VERSION = 5.9;
				TARGETED_DEVICE_FAMILY = "1,2";
			};
			name = Release;
		};
		38FA0BA58297B4DFA62F2480 /* Debug */ = {
			isa = XCBuildConfiguration;
			buildSettings = {
				ASSETCATALOG_COMPILER_APPICON_NAME = AppIcon;
				CODE_SIGN_IDENTITY = "iPhone Developer";
				CODE_SIGN_STYLE = Automatic;
				CURRENT_PROJECT_VERSION = 10;
				DEVELOPMENT_TEAM = 398XACWZ7G;
				INFOPLIST_FILE = Info.plist;
				INFOPLIST_GENERATION_MODE = GeneratedByXcode;
				LD_RUNPATH_SEARCH_PATHS = (
					"$(inherited)",
					"@executable_path/Frameworks",
				);
				MARKETING_VERSION = 1.0;
				PRODUCT_BUNDLE_IDENTIFIER = com.rhea.preview;
				SDKROOT = iphoneos;
				SWIFT_VERSION = 5.9;
				TARGETED_DEVICE_FAMILY = "1,2";
			};
			name = Debug;
		};
		D89CC450AAFEB1C17837F745 /* Debug */ = {
			isa = XCBuildConfiguration;
			buildSettings = {
				ALWAYS_SEARCH_USER_PATHS = NO;
				CLANG_ANALYZER_NONNULL = YES;
				CLANG_ANALYZER_NUMBER_OBJECT_CONVERSION = YES_AGGRESSIVE;
				CLANG_CXX_LANGUAGE_STANDARD = "gnu++14";
				CLANG_CXX_LIBRARY = "libc++";
				CLANG_ENABLE_MODULES = YES;
				CLANG_ENABLE_OBJC_ARC = YES;
				CLANG_ENABLE_OBJC_WEAK = YES;
				CLANG_WARN_BLOCK_CAPTURE_AUTORELEASING = YES;
				CLANG_WARN_BOOL_CONVERSION = YES;
				CLANG_WARN_COMMA = YES;
				CLANG_WARN_CONSTANT_CONVERSION = YES;
				CLANG_WARN_DEPRECATED_OBJC_IMPLEMENTATIONS = YES;
				CLANG_WARN_DIRECT_OBJC_ISA_USAGE = YES_ERROR;
				CLANG_WARN_DOCUMENTATION_COMMENTS = YES;
				CLANG_WARN_EMPTY_BODY = YES;
				CLANG_WARN_ENUM_CONVERSION = YES;
				CLANG_WARN_INFINITE_RECURSION = YES;
				CLANG_WARN_INT_CONVERSION = YES;
				CLANG_WARN_NON_LITERAL_NULL_CONVERSION = YES;
				CLANG_WARN_OBJC_IMPLICIT_RETAIN_SELF = YES;
				CLANG_WARN_OBJC_LITERAL_CONVERSION = YES;
				CLANG_WARN_OBJC_ROOT_CLASS = YES_ERROR;
				CLANG_WARN_QUOTED_INCLUDE_IN_FRAMEWORK_HEADER = YES;
				CLANG_WARN_RANGE_LOOP_ANALYSIS = YES;
				CLANG_WARN_STRICT_PROTOTYPES = YES;
				CLANG_WARN_SUSPICIOUS_MOVE = YES;
				CLANG_WARN_UNGUARDED_AVAILABILITY = YES_AGGRESSIVE;
				CLANG_WARN_UNREACHABLE_CODE = YES;
				CLANG_WARN__DUPLICATE_METHOD_MATCH = YES;
				COPY_PHASE_STRIP = NO;
				DEBUG_INFORMATION_FORMAT = dwarf;
				ENABLE_STRICT_OBJC_MSGSEND = YES;
				ENABLE_TESTABILITY = YES;
				GCC_C_LANGUAGE_STANDARD = gnu11;
				GCC_DYNAMIC_NO_PIC = NO;
				GCC_NO_COMMON_BLOCKS = YES;
				GCC_OPTIMIZATION_LEVEL = 0;
				GCC_PREPROCESSOR_DEFINITIONS = (
					"$(inherited)",
					"DEBUG=1",
				);
				GCC_WARN_64_TO_32_BIT_CONVERSION = YES;
				GCC_WARN_ABOUT_RETURN_TYPE = YES_ERROR;
				GCC_WARN_UNDECLARED_SELECTOR = YES;
				GCC_WARN_UNINITIALIZED_AUTOS = YES_AGGRESSIVE;
				GCC_WARN_UNUSED_FUNCTION = YES;
				GCC_WARN_UNUSED_VARIABLE = YES;
				IPHONEOS_DEPLOYMENT_TARGET = 17.0;
				MTL_ENABLE_DEBUG_INFO = INCLUDE_SOURCE;
				MTL_FAST_MATH = YES;
				ONLY_ACTIVE_ARCH = YES;
				PRODUCT_NAME = "$(TARGET_NAME)";
				SDKROOT = iphoneos;
				SWIFT_ACTIVE_COMPILATION_CONDITIONS = DEBUG;
				SWIFT_OPTIMIZATION_LEVEL = "-Onone";
				SWIFT_VERSION = 5.0;
			};
			name = Debug;
		};
/* End XCBuildConfiguration section */

/* Begin XCConfigurationList section */
		27CFE5363D3CDA52C592D294 /* Build configuration list for PBXNativeTarget "RheaApp" */ = {
			isa = XCConfigurationList;
			buildConfigurations = (
				38FA0BA58297B4DFA62F2480 /* Debug */,
				318D7404B531F0E0F805AA57 /* Release */,
			);
			defaultConfigurationIsVisible = 0;
			defaultConfigurationName = Debug;
		};
		666C707BC9CD84C7BECE7A1F /* Build configuration list for PBXProject "RheaApp" */ = {
			isa = XCConfigurationList;
			buildConfigurations = (
				D89CC450AAFEB1C17837F745 /* Debug */,
				1FB180CC3F0E2424B76AD462 /* Release */,
			);
			defaultConfigurationIsVisible = 0;
			defaultConfigurationName = Debug;
		};
/* End XCConfigurationList section */

/* Begin XCLocalSwiftPackageReference section */
		5C3602F4109DFD040B9305FC /* XCLocalSwiftPackageReference "../../packages/RheaKit" */ = {
			isa = XCLocalSwiftPackageReference;
			relativePath = ../../packages/RheaKit;
		};
/* End XCLocalSwiftPackageReference section */

/* Begin XCRemoteSwiftPackageReference section */
		2C972866174AB8ED11995967 /* XCRemoteSwiftPackageReference "AnimatedTabBar" */ = {
			isa = XCRemoteSwiftPackageReference;
			repositoryURL = "https://github.com/serg-alexv/AnimatedTabBar";
			requirement = {
				kind = upToNextMajorVersion;
				minimumVersion = 0.0.1;
			};
		};
/* End XCRemoteSwiftPackageReference section */

/* Begin XCSwiftPackageProductDependency section */
		21730A08186D2C447AC4C412 /* AnimatedTabBar */ = {
			isa = XCSwiftPackageProductDependency;
			package = 2C972866174AB8ED11995967 /* XCRemoteSwiftPackageReference "AnimatedTabBar" */;
			productName = AnimatedTabBar;
		};
		FC51B905A12BD3ACD3E9B223 /* RheaKit */ = {
			isa = XCSwiftPackageProductDependency;
			productName = RheaKit;
		};
/* End XCSwiftPackageProductDependency section */
	};
	rootObject = 3EA7A58199DB1E038511B83F /* Project object */;
}
