// !$*UTF8*$!
{
	archiveVersion = 1;
	classes = {
	};
	objectVersion = 77;
	objects = {

/* Begin PBXBuildFile section */
		06E656822071248B625AE0D7 /* TribunalClient.swift in Sources */ = {isa = PBXBuildFile; fileRef = 2831EB795B13A29C6A189D1E /* TribunalClient.swift */; };
		145A3BB626553141E8FA200A /* CommandCentreLayout.swift in Sources */ = {isa = PBXBuildFile; fileRef = B938A34423FB72064979B8A6 /* CommandCentreLayout.swift */; };
		153CD582B1C7E60EB6A962CC /* ShareViewController.swift in Sources */ = {isa = PBXBuildFile; fileRef = ED4E164F5622691030F95F5B /* ShareViewController.swift */; };
		2020B120A5A6D7B940111F12 /* Assets.xcassets in Resources */ = {isa = PBXBuildFile; fileRef = A61BE59C6096A226D41463FC /* Assets.xcassets */; };
		4888EF75F029CEA9FA61270B /* RheaKit in Frameworks */ = {isa = PBXBuildFile; productRef = FC51B905A12BD3ACD3E9B223 /* RheaKit */; };
		705E204FBECE5C9D71948BB3 /* KeyboardView.swift in Sources */ = {isa = PBXBuildFile; fileRef = 18D837731C33367F5AF137C0 /* KeyboardView.swift */; };
		7078EC9E0A472B633A8369D2 /* RheaTunnel.appex in Embed Foundation Extensions */ = {isa = PBXBuildFile; fileRef = 9574E18377E1F632476B4C07 /* RheaTunnel.appex */; settings = {ATTRIBUTES = (RemoveHeadersOnCopy, ); }; };
		71BB49DFF7DF420578BE30B4 /* RheaShare.appex in Embed Foundation Extensions */ = {isa = PBXBuildFile; fileRef = 52409BDB4148A36F8697069E /* RheaShare.appex */; settings = {ATTRIBUTES = (RemoveHeadersOnCopy, ); }; };
		752D3D8F5093C312F95F3B6D /* Assets.xcassets in Resources */ = {isa = PBXBuildFile; fileRef = A61BE59C6096A226D41463FC /* Assets.xcassets */; };
		81D0994B8A74B0BA6A033CA5 /* AnimatedTabBar in Frameworks */ = {isa = PBXBuildFile; productRef = 21730A08186D2C447AC4C412 /* AnimatedTabBar */; };
		8E73ED5F5FC02885676DC830 /* RheaKit in Frameworks */ = {isa = PBXBuildFile; productRef = E8DAE4868EC16BBBD478263A /* RheaKit */; };
		AB9582A76076614E803D469A /* PacketTunnelProvider.swift in Sources */ = {isa = PBXBuildFile; fileRef = 02CF84DA502BA4D1F2705083 /* PacketTunnelProvider.swift */; };
		B1CBB9EDD48631F873E83CD3 /* MenuBarView.swift in Sources */ = {isa = PBXBuildFile; fileRef = 1C709DD65D53B2C1556F7B5F /* MenuBarView.swift */; };
		C0B17B6AA28A19A8FB0104CD /* KeyboardViewController.swift in Sources */ = {isa = PBXBuildFile; fileRef = EA402D4D7E8A8D3FC63332E7 /* KeyboardViewController.swift */; };
		C46E4FDF7F0BF1DFD488CF9E /* ScreenPilotView.swift in Sources */ = {isa = PBXBuildFile; fileRef = A9ED40BFBC76E50BEA4CA59F /* ScreenPilotView.swift */; };
		CD6AD05EF3419775A612BB37 /* CommandCentreApp.swift in Sources */ = {isa = PBXBuildFile; fileRef = 60B6E1E09FE6D90D1F384770 /* CommandCentreApp.swift */; };
		D1877F3684A23CE8DAF29C7A /* RheaKeyboard.appex in Embed Foundation Extensions */ = {isa = PBXBuildFile; fileRef = 2B2B4E882931341E39C435E2 /* RheaKeyboard.appex */; settings = {ATTRIBUTES = (RemoveHeadersOnCopy, ); }; };
		F607ED56C6138928646E0846 /* RheaPreviewApp.swift in Sources */ = {isa = PBXBuildFile; fileRef = 9477E3C820DABB86E045F9C1 /* RheaPreviewApp.swift */; };
/* End PBXBuildFile section */

/* Begin PBXContainerItemProxy section */
		3392B822C13E504443F243A6 /* PBXContainerItemProxy */ = {
			isa = PBXContainerItemProxy;
			containerPortal = 3EA7A58199DB1E038511B83F /* Project object */;
			proxyType = 1;
			remoteGlobalIDString = EE85DDF63DFC3E0DDD54B82F;
			remoteInfo = RheaShare;
		};
		44973ABE10E54E1B10A07DDE /* PBXContainerItemProxy */ = {
			isa = PBXContainerItemProxy;
			containerPortal = 3EA7A58199DB1E038511B83F /* Project object */;
			proxyType = 1;
			remoteGlobalIDString = 7C5044BC51AE5ABE13364E3E;
			remoteInfo = RheaTunnel;
		};
		6CE5E9CE9D2826E27C1829D0 /* PBXContainerItemProxy */ = {
			isa = PBXContainerItemProxy;
			containerPortal = 3EA7A58199DB1E038511B83F /* Project object */;
			proxyType = 1;
			remoteGlobalIDString = 69F1254F70984F1B523B55CB;
			remoteInfo = RheaKeyboard;
		};
/* End PBXContainerItemProxy section */

/* Begin PBXCopyFilesBuildPhase section */
		EB55BE82A830276C02C0F124 /* Embed Foundation Extensions */ = {
			isa = PBXCopyFilesBuildPhase;
			buildActionMask = 2147483647;
			dstPath = "";
			dstSubfolderSpec = 13;
			files = (
				7078EC9E0A472B633A8369D2 /* RheaTunnel.appex in Embed Foundation Extensions */,
				D1877F3684A23CE8DAF29C7A /* RheaKeyboard.appex in Embed Foundation Extensions */,
				71BB49DFF7DF420578BE30B4 /* RheaShare.appex in Embed Foundation Extensions */,
			);
			name = "Embed Foundation Extensions";
			runOnlyForDeploymentPostprocessing = 0;
		};
/* End PBXCopyFilesBuildPhase section */

/* Begin PBXFileReference section */
		02CF84DA502BA4D1F2705083 /* PacketTunnelProvider.swift */ = {isa = PBXFileReference; lastKnownFileType = sourcecode.swift; path = PacketTunnelProvider.swift; sourceTree = "<group>"; };
		18D837731C33367F5AF137C0 /* KeyboardView.swift */ = {isa = PBXFileReference; lastKnownFileType = sourcecode.swift; path = KeyboardView.swift; sourceTree = "<group>"; };
		1C709DD65D53B2C1556F7B5F /* MenuBarView.swift */ = {isa = PBXFileReference; lastKnownFileType = sourcecode.swift; path = MenuBarView.swift; sourceTree = "<group>"; };
		2831EB795B13A29C6A189D1E /* TribunalClient.swift */ = {isa = PBXFileReference; lastKnownFileType = sourcecode.swift; path = TribunalClient.swift; sourceTree = "<group>"; };
		2B2B4E882931341E39C435E2 /* RheaKeyboard.appex */ = {isa = PBXFileReference; includeInIndex = 0; lastKnownFileType = "wrapper.app-extension"; path = RheaKeyboard.appex; sourceTree = BUILT_PRODUCTS_DIR; };
		40F5D3F7CE5129EE551FD58A /* RheaKit */ = {isa = PBXFileReference; lastKnownFileType = folder; name = RheaKit; path = ../../packages/RheaKit; sourceTree = SOURCE_ROOT; };
		52409BDB4148A36F8697069E /* RheaShare.appex */ = {isa = PBXFileReference; includeInIndex = 0; lastKnownFileType = "wrapper.app-extension"; path = RheaShare.appex; sourceTree = BUILT_PRODUCTS_DIR; };
		60B6E1E09FE6D90D1F384770 /* CommandCentreApp.swift */ = {isa = PBXFileReference; lastKnownFileType = sourcecode.swift; path = CommandCentreApp.swift; sourceTree = "<group>"; };
		9477E3C820DABB86E045F9C1 /* RheaPreviewApp.swift */ = {isa = PBXFileReference; lastKnownFileType = sourcecode.swift; path = RheaPreviewApp.swift; sourceTree = "<group>"; };
		9574E18377E1F632476B4C07 /* RheaTunnel.appex */ = {isa = PBXFileReference; includeInIndex = 0; lastKnownFileType = "wrapper.app-extension"; path = RheaTunnel.appex; sourceTree = BUILT_PRODUCTS_DIR; };
		A61BE59C6096A226D41463FC /* Assets.xcassets */ = {isa = PBXFileReference; lastKnownFileType = folder.assetcatalog; path = Assets.xcassets; sourceTree = "<group>"; };
		A9ED40BFBC76E50BEA4CA59F /* ScreenPilotView.swift */ = {isa = PBXFileReference; lastKnownFileType = sourcecode.swift; path = ScreenPilotView.swift; sourceTree = "<group>"; };
		B938A34423FB72064979B8A6 /* CommandCentreLayout.swift */ = {isa = PBXFileReference; lastKnownFileType = sourcecode.swift; path = CommandCentreLayout.swift; sourceTree = "<group>"; };
		D25F13868401944C1A1E978A /* RheaApp.app */ = {isa = PBXFileReference; includeInIndex = 0; lastKnownFileType = wrapper.application; path = RheaApp.app; sourceTree = BUILT_PRODUCTS_DIR; };
		D7401CE7A9398C02EF5E69F0 /* RheaCommandCentre.app */ = {isa = PBXFileReference; explicitFileType = wrapper.application; includeInIndex = 0; path = RheaCommandCentre.app; sourceTree = BUILT_PRODUCTS_DIR; };
		EA402D4D7E8A8D3FC63332E7 /* KeyboardViewController.swift */ = {isa = PBXFileReference; lastKnownFileType = sourcecode.swift; path = KeyboardViewController.swift; sourceTree = "<group>"; };
		ED4E164F5622691030F95F5B /* ShareViewController.swift */ = {isa = PBXFileReference; lastKnownFileType = sourcecode.swift; path = ShareViewController.swift; sourceTree = "<group>"; };
/* End PBXFileReference section */

/* Begin PBXFrameworksBuildPhase section */
		7BD4504B1BE6F0C72534143A /* Frameworks */ = {
			isa = PBXFrameworksBuildPhase;
			buildActionMask = 2147483647;
			files = (
				4888EF75F029CEA9FA61270B /* RheaKit in Frameworks */,
				81D0994B8A74B0BA6A033CA5 /* AnimatedTabBar in Frameworks */,
			);
			runOnlyForDeploymentPostprocessing = 0;
		};
		CE1E9395F4E44D3CBCF097E7 /* Frameworks */ = {
			isa = PBXFrameworksBuildPhase;
			buildActionMask = 2147483647;
			files = (
				8E73ED5F5FC02885676DC830 /* RheaKit in Frameworks */,
			);
			runOnlyForDeploymentPostprocessing = 0;
		};
/* End PBXFrameworksBuildPhase section */

/* Begin PBXGroup section */
		0407F85E4226D8F3F8F872BD /* Sources */ = {
			isa = PBXGroup;
			children = (
				ED4E164F5622691030F95F5B /* ShareViewController.swift */,
			);
			name = Sources;
			path = ../RheaShare/Sources;
			sourceTree = "<group>";
		};
		3076B063CEB5B4ACCFD6DBC4 /* Packages */ = {
			isa = PBXGroup;
			children = (
				40F5D3F7CE5129EE551FD58A /* RheaKit */,
			);
			name = Packages;
			sourceTree = "<group>";
		};
		7708B9924B0CC8A7FFAAE2A4 = {
			isa = PBXGroup;
			children = (
				3076B063CEB5B4ACCFD6DBC4 /* Packages */,
				EEA2260F0C4414BB91DAADCF /* Sources */,
				B304770D2747396A96EFED90 /* Sources */,
				0407F85E4226D8F3F8F872BD /* Sources */,
				B31944FF7CEF242EA1BD8B7C /* Sources */,
				9531D99E19050B15226ADC13 /* Products */,
			);
			sourceTree = "<group>";
		};
		9531D99E19050B15226ADC13 /* Products */ = {
			isa = PBXGroup;
			children = (
				D25F13868401944C1A1E978A /* RheaApp.app */,
				D7401CE7A9398C02EF5E69F0 /* RheaCommandCentre.app */,
				2B2B4E882931341E39C435E2 /* RheaKeyboard.appex */,
				52409BDB4148A36F8697069E /* RheaShare.appex */,
				9574E18377E1F632476B4C07 /* RheaTunnel.appex */,
			);
			name = Products;
			sourceTree = "<group>";
		};
		B304770D2747396A96EFED90 /* Sources */ = {
			isa = PBXGroup;
			children = (
				A61BE59C6096A226D41463FC /* Assets.xcassets */,
				60B6E1E09FE6D90D1F384770 /* CommandCentreApp.swift */,
				B938A34423FB72064979B8A6 /* CommandCentreLayout.swift */,
				1C709DD65D53B2C1556F7B5F /* MenuBarView.swift */,
				9477E3C820DABB86E045F9C1 /* RheaPreviewApp.swift */,
				A9ED40BFBC76E50BEA4CA59F /* ScreenPilotView.swift */,
			);
			name = Sources;
			path = ../RheaPreview.swiftpm/Sources;
			sourceTree = "<group>";
		};
		B31944FF7CEF242EA1BD8B7C /* Sources */ = {
			isa = PBXGroup;
			children = (
				02CF84DA502BA4D1F2705083 /* PacketTunnelProvider.swift */,
			);
			name = Sources;
			path = ../RheaTunnel/Sources;
			sourceTree = "<group>";
		};
		EEA2260F0C4414BB91DAADCF /* Sources */ = {
			isa = PBXGroup;
			children = (
				18D837731C33367F5AF137C0 /* KeyboardView.swift */,
				EA402D4D7E8A8D3FC63332E7 /* KeyboardViewController.swift */,
				2831EB795B13A29C6A189D1E /* TribunalClient.swift */,
			);
			name = Sources;
			path = ../RheaKeyboard/Sources;
			sourceTree = "<group>";
		};
/* End PBXGroup section */

/* Begin PBXNativeTarget section */
		69F1254F70984F1B523B55CB /* RheaKeyboard */ = {
			isa = PBXNativeTarget;
			buildConfigurationList = C5B2AF38B0E239520DBCBEDD /* Build configuration list for PBXNativeTarget "RheaKeyboard" */;
			buildPhases = (
				F1C1F671FB70E38F3F306301 /* Sources */,
			);
			buildRules = (
			);
			dependencies = (
			);
			name = RheaKeyboard;
			packageProductDependencies = (
			);
			productName = RheaKeyboard;
			productReference = 2B2B4E882931341E39C435E2 /* RheaKeyboard.appex */;
			productType = "com.apple.product-type.app-extension";
		};
		7C5044BC51AE5ABE13364E3E /* RheaTunnel */ = {
			isa = PBXNativeTarget;
			buildConfigurationList = 2D69BB89CE62952DDD768BA3 /* Build configuration list for PBXNativeTarget "RheaTunnel" */;
			buildPhases = (
				2EBC31B99B55F2E8D8FA98A9 /* Sources */,
			);
			buildRules = (
			);
			dependencies = (
			);
			name = RheaTunnel;
			packageProductDependencies = (
			);
			productName = RheaTunnel;
			productReference = 9574E18377E1F632476B4C07 /* RheaTunnel.appex */;
			productType = "com.apple.product-type.app-extension";
		};
		976F418A8F8565B07077E82A /* RheaCommandCentre */ = {
			isa = PBXNativeTarget;
			buildConfigurationList = F69A42ED0B1998F1839501A4 /* Build configuration list for PBXNativeTarget "RheaCommandCentre" */;
			buildPhases = (
				114EB985C5E0D6AFA4258FC2 /* Sources */,
				DA8DC9AC2944F781FB68DC83 /* Resources */,
				CE1E9395F4E44D3CBCF097E7 /* Frameworks */,
			);
			buildRules = (
			);
			dependencies = (
			);
			name = RheaCommandCentre;
			packageProductDependencies = (
				E8DAE4868EC16BBBD478263A /* RheaKit */,
			);
			productName = RheaCommandCentre;
			productReference = D7401CE7A9398C02EF5E69F0 /* RheaCommandCentre.app */;
			productType = "com.apple.product-type.application";
		};
		9E4653AE2F39DFCEE36D8E1B /* RheaApp */ = {
			isa = PBXNativeTarget;
			buildConfigurationList = 27CFE5363D3CDA52C592D294 /* Build configuration list for PBXNativeTarget "RheaApp" */;
			buildPhases = (
				90312DB8296142B3F7B94F13 /* Sources */,
				1EC37FB7920C186A82C659F7 /* Resources */,
				7BD4504B1BE6F0C72534143A /* Frameworks */,
				EB55BE82A830276C02C0F124 /* Embed Foundation Extensions */,
			);
			buildRules = (
			);
			dependencies = (
				C08B821BF3946261BA87769A /* PBXTargetDependency */,
				AA1935C53D5F46EC07A443DB /* PBXTargetDependency */,
				395177B8E3EF763E99AAE81D /* PBXTargetDependency */,
			);
			name = RheaApp;
			packageProductDependencies = (
				FC51B905A12BD3ACD3E9B223 /* RheaKit */,
				21730A08186D2C447AC4C412 /* AnimatedTabBar */,
			);
			productName = RheaApp;
			productReference = D25F13868401944C1A1E978A /* RheaApp.app */;
			productType = "com.apple.product-type.application";
		};
		EE85DDF63DFC3E0DDD54B82F /* RheaShare */ = {
			isa = PBXNativeTarget;
			buildConfigurationList = 82751F666CCF265364453F24 /* Build configuration list for PBXNativeTarget "RheaShare" */;
			buildPhases = (
				0B0B62151DDD008712BCE362 /* Sources */,
			);
			buildRules = (
			);
			dependencies = (
			);
			name = RheaShare;
			packageProductDependencies = (
			);
			productName = RheaShare;
			productReference = 52409BDB4148A36F8697069E /* RheaShare.appex */;
			productType = "com.apple.product-type.app-extension";
		};
/* End PBXNativeTarget section */

/* Begin PBXProject section */
		3EA7A58199DB1E038511B83F /* Project object */ = {
			isa = PBXProject;
			attributes = {
				BuildIndependentTargetsInParallel = YES;
				LastUpgradeCheck = 2620;
				TargetAttributes = {
					69F1254F70984F1B523B55CB = {
						DevelopmentTeam = 398XACWZ7G;
						ProvisioningStyle = Automatic;
					};
					7C5044BC51AE5ABE13364E3E = {
						DevelopmentTeam = 398XACWZ7G;
						ProvisioningStyle = Automatic;
					};
					976F418A8F8565B07077E82A = {
						DevelopmentTeam = 398XACWZ7G;
						ProvisioningStyle = Automatic;
					};
					9E4653AE2F39DFCEE36D8E1B = {
						DevelopmentTeam = 398XACWZ7G;
						ProvisioningStyle = Automatic;
					};
					EE85DDF63DFC3E0DDD54B82F = {
						DevelopmentTeam = 398XACWZ7G;
						ProvisioningStyle = Automatic;
					};
				};
			};
			buildConfigurationList = 666C707BC9CD84C7BECE7A1F /* Build configuration list for PBXProject "RheaApp" */;
			compatibilityVersion = "Xcode 14.0";
			developmentRegion = en;
			hasScannedForEncodings = 0;
			knownRegions = (
				Base,
				en,
			);
			mainGroup = 7708B9924B0CC8A7FFAAE2A4;
			minimizedProjectReferenceProxies = 1;
			packageReferences = (
				2C972866174AB8ED11995967 /* XCRemoteSwiftPackageReference "AnimatedTabBar" */,
				5C3602F4109DFD040B9305FC /* XCLocalSwiftPackageReference "../../packages/RheaKit" */,
			);
			preferredProjectObjectVersion = 77;
			projectDirPath = "";
			projectRoot = "";
			targets = (
				9E4653AE2F39DFCEE36D8E1B /* RheaApp */,
				976F418A8F8565B07077E82A /* RheaCommandCentre */,
				69F1254F70984F1B523B55CB /* RheaKeyboard */,
				EE85DDF63DFC3E0DDD54B82F /* RheaShare */,
				7C5044BC51AE5ABE13364E3E /* RheaTunnel */,
			);
		};
/* End PBXProject section */

/* Begin PBXResourcesBuildPhase section */
		1EC37FB7920C186A82C659F7 /* Resources */ = {
			isa = PBXResourcesBuildPhase;
			buildActionMask = 2147483647;
			files = (
				2020B120A5A6D7B940111F12 /* Assets.xcassets in Resources */,
			);
			runOnlyForDeploymentPostprocessing = 0;
		};
		DA8DC9AC2944F781FB68DC83 /* Resources */ = {
			isa = PBXResourcesBuildPhase;
			buildActionMask = 2147483647;
			files = (
				752D3D8F5093C312F95F3B6D /* Assets.xcassets in Resources */,
			);
			runOnlyForDeploymentPostprocessing = 0;
		};
/* End PBXResourcesBuildPhase section */

/* Begin PBXSourcesBuildPhase section */
		0B0B62151DDD008712BCE362 /* Sources */ = {
			isa = PBXSourcesBuildPhase;
			buildActionMask = 2147483647;
			files = (
				153CD582B1C7E60EB6A962CC /* ShareViewController.swift in Sources */,
			);
			runOnlyForDeploymentPostprocessing = 0;
		};
		114EB985C5E0D6AFA4258FC2 /* Sources */ = {
			isa = PBXSourcesBuildPhase;
			buildActionMask = 2147483647;
			files = (
				CD6AD05EF3419775A612BB37 /* CommandCentreApp.swift in Sources */,
				145A3BB626553141E8FA200A /* CommandCentreLayout.swift in Sources */,
				B1CBB9EDD48631F873E83CD3 /* MenuBarView.swift in Sources */,
			);
			runOnlyForDeploymentPostprocessing = 0;
		};
		2EBC31B99B55F2E8D8FA98A9 /* Sources */ = {
			isa = PBXSourcesBuildPhase;
			buildActionMask = 2147483647;
			files = (
				AB9582A76076614E803D469A /* PacketTunnelProvider.swift in Sources */,
			);
			runOnlyForDeploymentPostprocessing = 0;
		};
		90312DB8296142B3F7B94F13 /* Sources */ = {
			isa = PBXSourcesBuildPhase;
			buildActionMask = 2147483647;
			files = (
				F607ED56C6138928646E0846 /* RheaPreviewApp.swift in Sources */,
				C46E4FDF7F0BF1DFD488CF9E /* ScreenPilotView.swift in Sources */,
			);
			runOnlyForDeploymentPostprocessing = 0;
		};
		F1C1F671FB70E38F3F306301 /* Sources */ = {
			isa = PBXSourcesBuildPhase;
			buildActionMask = 2147483647;
			files = (
				705E204FBECE5C9D71948BB3 /* KeyboardView.swift in Sources */,
				C0B17B6AA28A19A8FB0104CD /* KeyboardViewController.swift in Sources */,
				06E656822071248B625AE0D7 /* TribunalClient.swift in Sources */,
			);
			runOnlyForDeploymentPostprocessing = 0;
		};
/* End PBXSourcesBuildPhase section */

/* Begin PBXTargetDependency section */
		395177B8E3EF763E99AAE81D /* PBXTargetDependency */ = {
			isa = PBXTargetDependency;
			target = EE85DDF63DFC3E0DDD54B82F /* RheaShare */;
			targetProxy = 3392B822C13E504443F243A6 /* PBXContainerItemProxy */;
		};
		AA1935C53D5F46EC07A443DB /* PBXTargetDependency */ = {
			isa = PBXTargetDependency;
			target = 69F1254F70984F1B523B55CB /* RheaKeyboard */;
			targetProxy = 6CE5E9CE9D2826E27C1829D0 /* PBXContainerItemProxy */;
		};
		C08B821BF3946261BA87769A /* PBXTargetDependency */ = {
			isa = PBXTargetDependency;
			target = 7C5044BC51AE5ABE13364E3E /* RheaTunnel */;
			targetProxy = 44973ABE10E54E1B10A07DDE /* PBXContainerItemProxy */;
		};
/* End PBXTargetDependency section */

/* Begin XCBuildConfiguration section */
		0A233AF0545727D90E4EE52F /* Release */ = {
			isa = XCBuildConfiguration;
			buildSettings = {
				ASSETCATALOG_COMPILER_APPICON_NAME = AppIcon;
				CODE_SIGN_STYLE = Automatic;
				COMBINE_HIDPI_IMAGES = YES;
				CURRENT_PROJECT_VERSION = 19;
				DEVELOPMENT_TEAM = 398XACWZ7G;
				INFOPLIST_FILE = "CommandCentre-Info.plist";
				INFOPLIST_GENERATION_MODE = GeneratedByXcode;
				LD_RUNPATH_SEARCH_PATHS = (
					"$(inherited)",
					"@executable_path/../Frameworks",
				);
				MACOSX_DEPLOYMENT_TARGET = 14.0;
				MARKETING_VERSION = 1.0;
				PRODUCT_BUNDLE_IDENTIFIER = com.rhea.commandcentre;
				SDKROOT = macosx;
				SWIFT_VERSION = 5.9;
			};
			name = Release;
		};
		1FB180CC3F0E2424B76AD462 /* Release */ = {
			isa = XCBuildConfiguration;
			buildSettings = {
				ALWAYS_SEARCH_USER_PATHS = NO;
				CLANG_ANALYZER_NONNULL = YES;
				CLANG_ANALYZER_NUMBER_OBJECT_CONVERSION = YES_AGGRESSIVE;
				CLANG_CXX_LANGUAGE_STANDARD = "gnu++14";
				CLANG_CXX_LIBRARY = "libc++";
				CLANG_ENABLE_MODULES = YES;
				CLANG_ENABLE_OBJC_ARC = YES;
				CLANG_ENABLE_OBJC_WEAK = YES;
				CLANG_WARN_BLOCK_CAPTURE_AUTORELEASING = YES;
				CLANG_WARN_BOOL_CONVERSION = YES;
				CLANG_WARN_COMMA = YES;
				CLANG_WARN_CONSTANT_CONVERSION = YES;
				CLANG_WARN_DEPRECATED_OBJC_IMPLEMENTATIONS = YES;
				CLANG_WARN_DIRECT_OBJC_ISA_USAGE = YES_ERROR;
				CLANG_WARN_DOCUMENTATION_COMMENTS = YES;
				CLANG_WARN_EMPTY_BODY = YES;
				CLANG_WARN_ENUM_CONVERSION = YES;
				CLANG_WARN_INFINITE_RECURSION = YES;
				CLANG_WARN_INT_CONVERSION = YES;
				CLANG_WARN_NON_LITERAL_NULL_CONVERSION = YES;
				CLANG_WARN_OBJC_IMPLICIT_RETAIN_SELF = YES;
				CLANG_WARN_OBJC_LITERAL_CONVERSION = YES;
				CLANG_WARN_OBJC_ROOT_CLASS = YES_ERROR;
				CLANG_WARN_QUOTED_INCLUDE_IN_FRAMEWORK_HEADER = YES;
				CLANG_WARN_RANGE_LOOP_ANALYSIS = YES;
				CLANG_WARN_STRICT_PROTOTYPES = YES;
				CLANG_WARN_SUSPICIOUS_MOVE = YES;
				CLANG_WARN_UNGUARDED_AVAILABILITY = YES_AGGRESSIVE;
				CLANG_WARN_UNREACHABLE_CODE = YES;
				CLANG_WARN__DUPLICATE_METHOD_MATCH = YES;
				COPY_PHASE_STRIP = NO;
				DEBUG_INFORMATION_FORMAT = "dwarf-with-dsym";
				ENABLE_NS_ASSERTIONS = NO;
				ENABLE_STRICT_OBJC_MSGSEND = YES;
				GCC_C_LANGUAGE_STANDARD = gnu11;
				GCC_NO_COMMON_BLOCKS = YES;
				GCC_WARN_64_TO_32_BIT_CONVERSION = YES;
				GCC_WARN_ABOUT_RETURN_TYPE = YES_ERROR;
				GCC_WARN_UNDECLARED_SELECTOR = YES;
				GCC_WARN_UNINITIALIZED_AUTOS = YES_AGGRESSIVE;
				GCC_WARN_UNUSED_FUNCTION = YES;
				GCC_WARN_UNUSED_VARIABLE = YES;
				IPHONEOS_DEPLOYMENT_TARGET = 17.0;
				MTL_ENABLE_DEBUG_INFO = NO;
				MTL_FAST_MATH = YES;
				PRODUCT_NAME = "$(TARGET_NAME)";
				SWIFT_COMPILATION_MODE = wholemodule;
				SWIFT_OPTIMIZATION_LEVEL = "-O";
				SWIFT_VERSION = 5.0;
			};
			name = Release;
		};
		318D7404B531F0E0F805AA57 /* Release */ = {
			isa = XCBuildConfiguration;
			buildSettings = {
				ASSETCATALOG_COMPILER_APPICON_NAME = AppIcon;
				CODE_SIGN_ENTITLEMENTS = RheaApp.entitlements;
				CODE_SIGN_IDENTITY = "iPhone Developer";
				CODE_SIGN_STYLE = Automatic;
				CURRENT_PROJECT_VERSION = 19;
				DEVELOPMENT_TEAM = 398XACWZ7G;
				INFOPLIST_FILE = Info.plist;
				INFOPLIST_GENERATION_MODE = GeneratedByXcode;
				LD_RUNPATH_SEARCH_PATHS = (
					"$(inherited)",
					"@executable_path/Frameworks",
				);
				MARKETING_VERSION = 1.0;
				PRODUCT_BUNDLE_IDENTIFIER = com.rhea.preview;
				SDKROOT = iphoneos;
				SWIFT_VERSION = 5.9;
				TARGETED_DEVICE_FAMILY = "1,2";
			};
			name = Release;
		};
		382DF06965953E719F519B6A /* Debug */ = {
			isa = XCBuildConfiguration;
			buildSettings = {
				CODE_SIGN_ENTITLEMENTS = RheaTunnel.entitlements;
				CODE_SIGN_STYLE = Automatic;
				CURRENT_PROJECT_VERSION = 19;
				DEVELOPMENT_TEAM = 398XACWZ7G;
				INFOPLIST_FILE = "RheaTunnel-Info.plist";
				INFOPLIST_GENERATION_MODE = GeneratedByXcode;
				LD_RUNPATH_SEARCH_PATHS = (
					"$(inherited)",
					"@executable_path/Frameworks",
					"@executable_path/../../Frameworks",
				);
				MARKETING_VERSION = 1.0;
				PRODUCT_BUNDLE_IDENTIFIER = com.rhea.preview.tunnel;
				SDKROOT = iphoneos;
				SWIFT_VERSION = 5.9;
				TARGETED_DEVICE_FAMILY = "1,2";
			};
			name = Debug;
		};
		38FA0BA58297B4DFA62F2480 /* Debug */ = {
			isa = XCBuildConfiguration;
			buildSettings = {
				ASSETCATALOG_COMPILER_APPICON_NAME = AppIcon;
				CODE_SIGN_ENTITLEMENTS = RheaApp.entitlements;
				CODE_SIGN_IDENTITY = "iPhone Developer";
				CODE_SIGN_STYLE = Automatic;
				CURRENT_PROJECT_VERSION = 19;
				DEVELOPMENT_TEAM = 398XACWZ7G;
				INFOPLIST_FILE = Info.plist;
				INFOPLIST_GENERATION_MODE = GeneratedByXcode;
				LD_RUNPATH_SEARCH_PATHS = (
					"$(inherited)",
					"@executable_path/Frameworks",
				);
				MARKETING_VERSION = 1.0;
				PRODUCT_BUNDLE_IDENTIFIER = com.rhea.preview;
				SDKROOT = iphoneos;
				SWIFT_VERSION = 5.9;
				TARGETED_DEVICE_FAMILY = "1,2";
			};
			name = Debug;
		};
		446074EE9514A6BE326D4180 /* Debug */ = {
			isa = XCBuildConfiguration;
			buildSettings = {
				CODE_SIGN_ENTITLEMENTS = RheaShare.entitlements;
				CODE_SIGN_STYLE = Automatic;
				CURRENT_PROJECT_VERSION = 19;
				DEVELOPMENT_TEAM = 398XACWZ7G;
				INFOPLIST_FILE = "RheaShare-Info.plist";
				INFOPLIST_GENERATION_MODE = GeneratedByXcode;
				LD_RUNPATH_SEARCH_PATHS = (
					"$(inherited)",
					"@executable_path/Frameworks",
					"@executable_path/../../Frameworks",
				);
				MARKETING_VERSION = 1.0;
				PRODUCT_BUNDLE_IDENTIFIER = com.rhea.preview.share;
				SDKROOT = iphoneos;
				SWIFT_VERSION = 5.9;
				TARGETED_DEVICE_FAMILY = "1,2";
			};
			name = Debug;
		};
		8764D2290DEA05C26A19331B /* Release */ = {
			isa = XCBuildConfiguration;
			buildSettings = {
				CODE_SIGN_ENTITLEMENTS = RheaShare.entitlements;
				CODE_SIGN_STYLE = Automatic;
				CURRENT_PROJECT_VERSION = 19;
				DEVELOPMENT_TEAM = 398XACWZ7G;
				INFOPLIST_FILE = "RheaShare-Info.plist";
				INFOPLIST_GENERATION_MODE = GeneratedByXcode;
				LD_RUNPATH_SEARCH_PATHS = (
					"$(inherited)",
					"@executable_path/Frameworks",
					"@executable_path/../../Frameworks",
				);
				MARKETING_VERSION = 1.0;
				PRODUCT_BUNDLE_IDENTIFIER = com.rhea.preview.share;
				SDKROOT = iphoneos;
				SWIFT_VERSION = 5.9;
				TARGETED_DEVICE_FAMILY = "1,2";
			};
			name = Release;
		};
		D77B8E759F6D93CB6F36E67C /* Release */ = {
			isa = XCBuildConfiguration;
			buildSettings = {
				CODE_SIGN_ENTITLEMENTS = RheaKeyboard.entitlements;
				CODE_SIGN_STYLE = Automatic;
				CURRENT_PROJECT_VERSION = 19;
				DEVELOPMENT_TEAM = 398XACWZ7G;
				INFOPLIST_FILE = "RheaKeyboard-Info.plist";
				INFOPLIST_GENERATION_MODE = GeneratedByXcode;
				LD_RUNPATH_SEARCH_PATHS = (
					"$(inherited)",
					"@executable_path/Frameworks",
					"@executable_path/../../Frameworks",
				);
				MARKETING_VERSION = 1.0;
				PRODUCT_BUNDLE_IDENTIFIER = com.rhea.preview.keyboard;
				SDKROOT = iphoneos;
				SWIFT_VERSION = 5.9;
				TARGETED_DEVICE_FAMILY = "1,2";
			};
			name = Release;
		};
		D89CC450AAFEB1C17837F745 /* Debug */ = {
			isa = XCBuildConfiguration;
			buildSettings = {
				ALWAYS_SEARCH_USER_PATHS = NO;
				CLANG_ANALYZER_NONNULL = YES;
				CLANG_ANALYZER_NUMBER_OBJECT_CONVERSION = YES_AGGRESSIVE;
				CLANG_CXX_LANGUAGE_STANDARD = "gnu++14";
				CLANG_CXX_LIBRARY = "libc++";
				CLANG_ENABLE_MODULES = YES;
				CLANG_ENABLE_OBJC_ARC = YES;
				CLANG_ENABLE_OBJC_WEAK = YES;
				CLANG_WARN_BLOCK_CAPTURE_AUTORELEASING = YES;
				CLANG_WARN_BOOL_CONVERSION = YES;
				CLANG_WARN_COMMA = YES;
				CLANG_WARN_CONSTANT_CONVERSION = YES;
				CLANG_WARN_DEPRECATED_OBJC_IMPLEMENTATIONS = YES;
				CLANG_WARN_DIRECT_OBJC_ISA_USAGE = YES_ERROR;
				CLANG_WARN_DOCUMENTATION_COMMENTS = YES;
				CLANG_WARN_EMPTY_BODY = YES;
				CLANG_WARN_ENUM_CONVERSION = YES;
				CLANG_WARN_INFINITE_RECURSION = YES;
				CLANG_WARN_INT_CONVERSION = YES;
				CLANG_WARN_NON_LITERAL_NULL_CONVERSION = YES;
				CLANG_WARN_OBJC_IMPLICIT_RETAIN_SELF = YES;
				CLANG_WARN_OBJC_LITERAL_CONVERSION = YES;
				CLANG_WARN_OBJC_ROOT_CLASS = YES_ERROR;
				CLANG_WARN_QUOTED_INCLUDE_IN_FRAMEWORK_HEADER = YES;
				CLANG_WARN_RANGE_LOOP_ANALYSIS = YES;
				CLANG_WARN_STRICT_PROTOTYPES = YES;
				CLANG_WARN_SUSPICIOUS_MOVE = YES;
				CLANG_WARN_UNGUARDED_AVAILABILITY = YES_AGGRESSIVE;
				CLANG_WARN_UNREACHABLE_CODE = YES;
				CLANG_WARN__DUPLICATE_METHOD_MATCH = YES;
				COPY_PHASE_STRIP = NO;
				DEBUG_INFORMATION_FORMAT = dwarf;
				ENABLE_STRICT_OBJC_MSGSEND = YES;
				ENABLE_TESTABILITY = YES;
				GCC_C_LANGUAGE_STANDARD = gnu11;
				GCC_DYNAMIC_NO_PIC = NO;
				GCC_NO_COMMON_BLOCKS = YES;
				GCC_OPTIMIZATION_LEVEL = 0;
				GCC_PREPROCESSOR_DEFINITIONS = (
					"$(inherited)",
					"DEBUG=1",
				);
				GCC_WARN_64_TO_32_BIT_CONVERSION = YES;
				GCC_WARN_ABOUT_RETURN_TYPE = YES_ERROR;
				GCC_WARN_UNDECLARED_SELECTOR = YES;
				GCC_WARN_UNINITIALIZED_AUTOS = YES_AGGRESSIVE;
				GCC_WARN_UNUSED_FUNCTION = YES;
				GCC_WARN_UNUSED_VARIABLE = YES;
				IPHONEOS_DEPLOYMENT_TARGET = 17.0;
				MTL_ENABLE_DEBUG_INFO = INCLUDE_SOURCE;
				MTL_FAST_MATH = YES;
				ONLY_ACTIVE_ARCH = YES;
				PRODUCT_NAME = "$(TARGET_NAME)";
				SWIFT_ACTIVE_COMPILATION_CONDITIONS = DEBUG;
				SWIFT_OPTIMIZATION_LEVEL = "-Onone";
				SWIFT_VERSION = 5.0;
			};
			name = Debug;
		};
		E1F873151BEABA09D91BB582 /* Debug */ = {
			isa = XCBuildConfiguration;
			buildSettings = {
				CODE_SIGN_ENTITLEMENTS = RheaKeyboard.entitlements;
				CODE_SIGN_STYLE = Automatic;
				CURRENT_PROJECT_VERSION = 19;
				DEVELOPMENT_TEAM = 398XACWZ7G;
				INFOPLIST_FILE = "RheaKeyboard-Info.plist";
				INFOPLIST_GENERATION_MODE = GeneratedByXcode;
				LD_RUNPATH_SEARCH_PATHS = (
					"$(inherited)",
					"@executable_path/Frameworks",
					"@executable_path/../../Frameworks",
				);
				MARKETING_VERSION = 1.0;
				PRODUCT_BUNDLE_IDENTIFIER = com.rhea.preview.keyboard;
				SDKROOT = iphoneos;
				SWIFT_VERSION = 5.9;
				TARGETED_DEVICE_FAMILY = "1,2";
			};
			name = Debug;
		};
		E70C858750A91271D9DB6FA6 /* Debug */ = {
			isa = XCBuildConfiguration;
			buildSettings = {
				ASSETCATALOG_COMPILER_APPICON_NAME = AppIcon;
				CODE_SIGN_STYLE = Automatic;
				COMBINE_HIDPI_IMAGES = YES;
				CURRENT_PROJECT_VERSION = 19;
				DEVELOPMENT_TEAM = 398XACWZ7G;
				INFOPLIST_FILE = "CommandCentre-Info.plist";
				INFOPLIST_GENERATION_MODE = GeneratedByXcode;
				LD_RUNPATH_SEARCH_PATHS = (
					"$(inherited)",
					"@executable_path/../Frameworks",
				);
				MACOSX_DEPLOYMENT_TARGET = 14.0;
				MARKETING_VERSION = 1.0;
				PRODUCT_BUNDLE_IDENTIFIER = com.rhea.commandcentre;
				SDKROOT = macosx;
				SWIFT_VERSION = 5.9;
			};
			name = Debug;
		};
		FA8A8E663C468DB3D92F9823 /* Release */ = {
			isa = XCBuildConfiguration;
			buildSettings = {
				CODE_SIGN_ENTITLEMENTS = RheaTunnel.entitlements;
				CODE_SIGN_STYLE = Automatic;
				CURRENT_PROJECT_VERSION = 19;
				DEVELOPMENT_TEAM = 398XACWZ7G;
				INFOPLIST_FILE = "RheaTunnel-Info.plist";
				INFOPLIST_GENERATION_MODE = GeneratedByXcode;
				LD_RUNPATH_SEARCH_PATHS = (
					"$(inherited)",
					"@executable_path/Frameworks",
					"@executable_path/../../Frameworks",
				);
				MARKETING_VERSION = 1.0;
				PRODUCT_BUNDLE_IDENTIFIER = com.rhea.preview.tunnel;
				SDKROOT = iphoneos;
				SWIFT_VERSION = 5.9;
				TARGETED_DEVICE_FAMILY = "1,2";
			};
			name = Release;
		};
/* End XCBuildConfiguration section */

/* Begin XCConfigurationList section */
		27CFE5363D3CDA52C592D294 /* Build configuration list for PBXNativeTarget "RheaApp" */ = {
			isa = XCConfigurationList;
			buildConfigurations = (
				38FA0BA58297B4DFA62F2480 /* Debug */,
				318D7404B531F0E0F805AA57 /* Release */,
			);
			defaultConfigurationIsVisible = 0;
			defaultConfigurationName = Debug;
		};
		2D69BB89CE62952DDD768BA3 /* Build configuration list for PBXNativeTarget "RheaTunnel" */ = {
			isa = XCConfigurationList;
			buildConfigurations = (
				382DF06965953E719F519B6A /* Debug */,
				FA8A8E663C468DB3D92F9823 /* Release */,
			);
			defaultConfigurationIsVisible = 0;
			defaultConfigurationName = Debug;
		};
		666C707BC9CD84C7BECE7A1F /* Build configuration list for PBXProject "RheaApp" */ = {
			isa = XCConfigurationList;
			buildConfigurations = (
				D89CC450AAFEB1C17837F745 /* Debug */,
				1FB180CC3F0E2424B76AD462 /* Release */,
			);
			defaultConfigurationIsVisible = 0;
			defaultConfigurationName = Debug;
		};
		82751F666CCF265364453F24 /* Build configuration list for PBXNativeTarget "RheaShare" */ = {
			isa = XCConfigurationList;
			buildConfigurations = (
				446074EE9514A6BE326D4180 /* Debug */,
				8764D2290DEA05C26A19331B /* Release */,
			);
			defaultConfigurationIsVisible = 0;
			defaultConfigurationName = Debug;
		};
		C5B2AF38B0E239520DBCBEDD /* Build configuration list for PBXNativeTarget "RheaKeyboard" */ = {
			isa = XCConfigurationList;
			buildConfigurations = (
				E1F873151BEABA09D91BB582 /* Debug */,
				D77B8E759F6D93CB6F36E67C /* Release */,
			);
			defaultConfigurationIsVisible = 0;
			defaultConfigurationName = Debug;
		};
		F69A42ED0B1998F1839501A4 /* Build configuration list for PBXNativeTarget "RheaCommandCentre" */ = {
			isa = XCConfigurationList;
			buildConfigurations = (
				E70C858750A91271D9DB6FA6 /* Debug */,
				0A233AF0545727D90E4EE52F /* Release */,
			);
			defaultConfigurationIsVisible = 0;
			defaultConfigurationName = Debug;
		};
/* End XCConfigurationList section */

/* Begin XCLocalSwiftPackageReference section */
		5C3602F4109DFD040B9305FC /* XCLocalSwiftPackageReference "../../packages/RheaKit" */ = {
			isa = XCLocalSwiftPackageReference;
			relativePath = ../../packages/RheaKit;
		};
/* End XCLocalSwiftPackageReference section */

/* Begin XCRemoteSwiftPackageReference section */
		2C972866174AB8ED11995967 /* XCRemoteSwiftPackageReference "AnimatedTabBar" */ = {
			isa = XCRemoteSwiftPackageReference;
			repositoryURL = "https://github.com/serg-alexv/AnimatedTabBar";
			requirement = {
				kind = upToNextMajorVersion;
				minimumVersion = 0.0.1;
			};
		};
/* End XCRemoteSwiftPackageReference section */

/* Begin XCSwiftPackageProductDependency section */
		21730A08186D2C447AC4C412 /* AnimatedTabBar */ = {
			isa = XCSwiftPackageProductDependency;
			package = 2C972866174AB8ED11995967 /* XCRemoteSwiftPackageReference "AnimatedTabBar" */;
			productName = AnimatedTabBar;
		};
		E8DAE4868EC16BBBD478263A /* RheaKit */ = {
			isa = XCSwiftPackageProductDependency;
			productName = RheaKit;
		};
		FC51B905A12BD3ACD3E9B223 /* RheaKit */ = {
			isa = XCSwiftPackageProductDependency;
			productName = RheaKit;
		};
/* End XCSwiftPackageProductDependency section */
	};
	rootObject = 3EA7A58199DB1E038511B83F /* Project object */;
}
